PODS:
  - MBProgressHUD (1.2.0)
  - SDWebImage (5.6.1):
    - SDWebImage/Core (= 5.6.1)
  - SDWebImage/Core (5.6.1)
  - ZYAdSDK (1.5.2):
    - ZYCoreKit
  - ZYCoreKit (1.3.2)

DEPENDENCIES:
  - MBProgressHUD
  - SDWebImage
  - ZYAdSDK (= 1.5.2)
  - ZYCoreKit (= 1.3.2)

SPEC REPOS:
  trunk:
    - MBProgressHUD
    - SDWebImage
    - ZYAdSDK
    - ZYCoreKit

SPEC CHECKSUMS:
  MBProgressHUD: 3ee5efcc380f6a79a7cc9b363dd669c5e1ae7406
  SDWebImage: 7edb9c3ea661e77a66661f7f044de8c1b55d1120
  ZYAdSDK: 0e245e04046b459a28f8a8b2bb26929efdd8cd84
  ZYCoreKit: 6181e0becc596286227af1a3c913019a436eab01

PODFILE CHECKSUM: dd79a4f1f140b187b0608f5c40d573fc05a20849

COCOAPODS: 1.9.1
